
Microsoft Visual Studio Solution File, Format Version 12.00
# Visual Studio Version 17
VisualStudioVersion = 17.3.32825.248
MinimumVisualStudioVersion = 10.0.40219.1
Project("{2150E333-8FDC-42A3-9474-1A3956D46DE8}") = "Services", "Services", "{07868F28-8B98-4276-83F3-E1FADED4A7CE}"
EndProject
Project("{2150E333-8FDC-42A3-9474-1A3956D46DE8}") = "Catalog", "Catalog", "{A3FC1684-DC52-43BE-8502-8913E279957C}"
EndProject
Project("{9A19103F-16F7-4668-BE54-9A1E7A4F7556}") = "Catalog.API", "Services\Catalog\Catalog.API\Catalog.API.csproj", "{4B375797-45EE-45AB-86E1-7BC710010392}"
EndProject
Project("{E53339B2-1760-4266-BCC7-CA923CBCF16C}") = "docker-compose", "docker-compose.dcproj", "{50366CB8-87D4-4ECD-98A9-80B7CD5E53D1}"
EndProject
Project("{2150E333-8FDC-42A3-9474-1A3956D46DE8}") = "Basket", "Basket", "{7A7C9204-2B53-4B2B-B9EB-861961D9DD90}"
EndProject
Project("{9A19103F-16F7-4668-BE54-9A1E7A4F7556}") = "Basket.API", "Services\Basket\Basket.API\Basket.API.csproj", "{BD15A84D-6FF3-4495-A8F4-22B8CE14177B}"
EndProject
Project("{2150E333-8FDC-42A3-9474-1A3956D46DE8}") = "Discount", "Discount", "{1027C2B1-9FAC-4EC6-BA4B-47ADA8B0E3A0}"
EndProject
Project("{FAE04EC0-301F-11D3-BF4B-00C04F79EFBC}") = "Discount.API", "Services\Discount\Discount.API\Discount.API.csproj", "{329B7D45-3CC0-4351-B7B7-CB802965A39E}"
EndProject
Global
	GlobalSection(SolutionConfigurationPlatforms) = preSolution
		Debug|Any CPU = Debug|Any CPU
		Release|Any CPU = Release|Any CPU
	EndGlobalSection
	GlobalSection(ProjectConfigurationPlatforms) = postSolution
		{4B375797-45EE-45AB-86E1-7BC710010392}.Debug|Any CPU.ActiveCfg = Debug|Any CPU
		{4B375797-45EE-45AB-86E1-7BC710010392}.Debug|Any CPU.Build.0 = Debug|Any CPU
		{4B375797-45EE-45AB-86E1-7BC710010392}.Release|Any CPU.ActiveCfg = Release|Any CPU
		{4B375797-45EE-45AB-86E1-7BC710010392}.Release|Any CPU.Build.0 = Release|Any CPU
		{50366CB8-87D4-4ECD-98A9-80B7CD5E53D1}.Debug|Any CPU.ActiveCfg = Debug|Any CPU
		{50366CB8-87D4-4ECD-98A9-80B7CD5E53D1}.Debug|Any CPU.Build.0 = Debug|Any CPU
		{50366CB8-87D4-4ECD-98A9-80B7CD5E53D1}.Release|Any CPU.ActiveCfg = Release|Any CPU
		{50366CB8-87D4-4ECD-98A9-80B7CD5E53D1}.Release|Any CPU.Build.0 = Release|Any CPU
		{BD15A84D-6FF3-4495-A8F4-22B8CE14177B}.Debug|Any CPU.ActiveCfg = Debug|Any CPU
		{BD15A84D-6FF3-4495-A8F4-22B8CE14177B}.Debug|Any CPU.Build.0 = Debug|Any CPU
		{BD15A84D-6FF3-4495-A8F4-22B8CE14177B}.Release|Any CPU.ActiveCfg = Release|Any CPU
		{BD15A84D-6FF3-4495-A8F4-22B8CE14177B}.Release|Any CPU.Build.0 = Release|Any CPU
		{329B7D45-3CC0-4351-B7B7-CB802965A39E}.Debug|Any CPU.ActiveCfg = Debug|Any CPU
		{329B7D45-3CC0-4351-B7B7-CB802965A39E}.Debug|Any CPU.Build.0 = Debug|Any CPU
		{329B7D45-3CC0-4351-B7B7-CB802965A39E}.Release|Any CPU.ActiveCfg = Release|Any CPU
		{329B7D45-3CC0-4351-B7B7-CB802965A39E}.Release|Any CPU.Build.0 = Release|Any CPU
	EndGlobalSection
	GlobalSection(SolutionProperties) = preSolution
		HideSolutionNode = FALSE
	EndGlobalSection
	GlobalSection(NestedProjects) = preSolution
		{A3FC1684-DC52-43BE-8502-8913E279957C} = {07868F28-8B98-4276-83F3-E1FADED4A7CE}
		{4B375797-45EE-45AB-86E1-7BC710010392} = {A3FC1684-DC52-43BE-8502-8913E279957C}
		{7A7C9204-2B53-4B2B-B9EB-861961D9DD90} = {07868F28-8B98-4276-83F3-E1FADED4A7CE}
		{BD15A84D-6FF3-4495-A8F4-22B8CE14177B} = {7A7C9204-2B53-4B2B-B9EB-861961D9DD90}
		{1027C2B1-9FAC-4EC6-BA4B-47ADA8B0E3A0} = {07868F28-8B98-4276-83F3-E1FADED4A7CE}
		{329B7D45-3CC0-4351-B7B7-CB802965A39E} = {1027C2B1-9FAC-4EC6-BA4B-47ADA8B0E3A0}
	EndGlobalSection
	GlobalSection(ExtensibilityGlobals) = postSolution
		SolutionGuid = {7A684313-53C7-440D-8D8A-6E0C3B4E6B32}
	EndGlobalSection
EndGlobal
